
Microsoft Visual Studio Solution File, Format Version 12.00
# Visual Studio 15
VisualStudioVersion = 15.0.28307.489
MinimumVisualStudioVersion = 10.0.40219.1
Project("{FAE04EC0-301F-11D3-BF4B-00C04F79EFBC}") = "WpfApp2", "WpfApp2\WpfApp2.csproj", "{9CAC4C91-3971-4153-B5AA-C9022DBF237D}"
EndProject
Global
	GlobalSection(SolutionConfigurationPlatforms) = preSolution
		Debug|Any CPU = Debug|Any CPU
		Release|Any CPU = Release|Any CPU
	EndGlobalSection
	GlobalSection(ProjectConfigurationPlatforms) = postSolution
		{9CAC4C91-3971-4153-B5AA-C9022DBF237D}.Debug|Any CPU.ActiveCfg = Debug|Any CPU
		{9CAC4C91-3971-4153-B5AA-C9022DBF237D}.Debug|Any CPU.Build.0 = Debug|Any CPU
		{9CAC4C91-3971-4153-B5AA-C9022DBF237D}.Release|Any CPU.ActiveCfg = Release|Any CPU
		{9CAC4C91-3971-4153-B5AA-C9022DBF237D}.Release|Any CPU.Build.0 = Release|Any CPU
	EndGlobalSection
	GlobalSection(SolutionProperties) = preSolution
		HideSolutionNode = FALSE
	EndGlobalSection
	GlobalSection(ExtensibilityGlobals) = postSolution
		SolutionGuid = {2772E625-D056-4707-AB1E-97FFCC81BB1C}
	EndGlobalSection
EndGlobal
